
Microsoft Visual Studio Solution File, Format Version 12.00
# Visual Studio Version 17
VisualStudioVersion = 17.14.36603.0 d17.14
MinimumVisualStudioVersion = 10.0.40219.1
Project("{FAE04EC0-301F-11D3-BF4B-00C04F79EFBC}") = "1-12-2025", "1-12-2025\1-12-2025.csproj", "{A99F04FA-B0BC-4C79-9102-D9ED81EAE16E}"
EndProject
Global
	GlobalSection(SolutionConfigurationPlatforms) = preSolution
		Debug|Any CPU = Debug|Any CPU
		Release|Any CPU = Release|Any CPU
	EndGlobalSection
	GlobalSection(ProjectConfigurationPlatforms) = postSolution
		{A99F04FA-B0BC-4C79-9102-D9ED81EAE16E}.Debug|Any CPU.ActiveCfg = Debug|Any CPU
		{A99F04FA-B0BC-4C79-9102-D9ED81EAE16E}.Debug|Any CPU.Build.0 = Debug|Any CPU
		{A99F04FA-B0BC-4C79-9102-D9ED81EAE16E}.Release|Any CPU.ActiveCfg = Release|Any CPU
		{A99F04FA-B0BC-4C79-9102-D9ED81EAE16E}.Release|Any CPU.Build.0 = Release|Any CPU
	EndGlobalSection
	GlobalSection(SolutionProperties) = preSolution
		HideSolutionNode = FALSE
	EndGlobalSection
	GlobalSection(ExtensibilityGlobals) = postSolution
		SolutionGuid = {440A21AF-A781-4855-984F-6FBE4071A71C}
	EndGlobalSection
EndGlobal
